
Microsoft Visual Studio Solution File, Format Version 12.00
# Visual Studio Version 17
VisualStudioVersion = 17.6.33829.357
MinimumVisualStudioVersion = 10.0.40219.1
Project("{FAE04EC0-301F-11D3-BF4B-00C04F79EFBC}") = "FirstConsoleApp", "FirstConsoleApp\FirstConsoleApp.csproj", "{0BC33367-0814-4AB7-9749-9C0C29D299D8}"
EndProject
Global
	GlobalSection(SolutionConfigurationPlatforms) = preSolution
		Debug|Any CPU = Debug|Any CPU
		Release|Any CPU = Release|Any CPU
	EndGlobalSection
	GlobalSection(ProjectConfigurationPlatforms) = postSolution
		{0BC33367-0814-4AB7-9749-9C0C29D299D8}.Debug|Any CPU.ActiveCfg = Debug|Any CPU
		{0BC33367-0814-4AB7-9749-9C0C29D299D8}.Debug|Any CPU.Build.0 = Debug|Any CPU
		{0BC33367-0814-4AB7-9749-9C0C29D299D8}.Release|Any CPU.ActiveCfg = Release|Any CPU
		{0BC33367-0814-4AB7-9749-9C0C29D299D8}.Release|Any CPU.Build.0 = Release|Any CPU
	EndGlobalSection
	GlobalSection(SolutionProperties) = preSolution
		HideSolutionNode = FALSE
	EndGlobalSection
	GlobalSection(ExtensibilityGlobals) = postSolution
		SolutionGuid = {B4A41AA0-A9C7-40A9-9BAB-0CA38AEA7D6C}
	EndGlobalSection
EndGlobal
